{
  "name": "bandwidth-reviewer-dev-tools",
  "lockfileVersion": 3,
  "requires": true,
  "packages": {
    "": {
      "name": "bandwidth-reviewer-dev-tools",
      "devDependencies": {
        "smee-client": "^4.3.1"
      },
      "engines": {
        "node": ">=20"
      }
    },
    "node_modules/eventsource": {
      "version": "4.1.1",
      "resolved": "https://registry.npmjs.org/eventsource/-/eventsource-4.1.1.tgz",
      "integrity": "sha512-D6bTRWh6KahHTK/m4WnjPQyEinNPf9eFLEZSEoj7d6fTibspnAVYfzHvirL7u/aoX5d9YYfIkBVAhmigUELk9w==",
      "dev": true,
      "license": "MIT",
      "dependencies": {
        "eventsource-parser": "^3.0.1"
      },
      "engines": {
        "node": ">=20.0.0"
      }
    },
    "node_modules/eventsource-parser": {
      "version": "3.1.1",
      "resolved": "https://registry.npmjs.org/eventsource-parser/-/eventsource-parser-3.1.1.tgz",
      "integrity": "sha512-EKN1vKAMcZ8MlYMpaNuxN6R9yakzH6uajHcHVTqWJzvu5pWw9DyhbP35HH8MVBQ+dZjAfDxk+A8NiR9KWaXiyQ==",
      "dev": true,
      "license": "MIT",
      "engines": {
        "node": ">=18.0.0"
      }
    },
    "node_modules/smee-client": {
      "version": "4.4.3",
      "resolved": "https://registry.npmjs.org/smee-client/-/smee-client-4.4.3.tgz",
      "integrity": "sha512-WiFtn/KrlQlGbQG5k1sSm2bgNDlWdLYCy9xofh7ntFbYaUp/81MJfjHdG/l1Kma7ULL76uYgPLUvAloSkNrLlg==",
      "dev": true,
      "license": "ISC",
      "dependencies": {
        "eventsource": "^4.0.0",
        "undici": "^7.0.0",
        "validator": "^13.11.0"
      },
      "bin": {
        "smee": "bin/smee.js"
      },
      "engines": {
        "node": "^20.18 || >= 22"
      }
    },
    "node_modules/undici": {
      "version": "7.30.0",
      "resolved": "https://registry.npmjs.org/undici/-/undici-7.30.0.tgz",
      "integrity": "sha512-dkrQXeHSaoamnItlYbmzG0wFYrM0ZwDxCIg0A7aKjTyyhh9svRzCNFEzV+Vm05/yehjCzjDZ31KXfGEjYSztDQ==",
      "dev": true,
      "license": "MIT",
      "engines": {
        "node": ">=20.18.1"
      }
    },
    "node_modules/validator": {
      "version": "13.15.35",
      "resolved": "https://registry.npmjs.org/validator/-/validator-13.15.35.tgz",
      "integrity": "sha512-TQ5pAGhd5whStmqWvYF4OjQROlmv9SMFVt37qoCBdqRffuuklWYQlCNnEs2ZaIBD1kZRNnikiZOS1eqgkar0iw==",
      "dev": true,
      "license": "MIT",
      "engines": {
        "node": ">= 0.10"
      }
    }
  }
}
